
Microsoft Visual Studio Solution File, Format Version 10.00
# Visual Studio 2008
Project("{FAE04EC0-301F-11D3-BF4B-00C04F79EFBC}") = "WarcraftPCap", "WarcraftPCap\WarcraftPCap.csproj", "{82C90642-182F-4210-94FD-D2049D39BD51}"
EndProject
Project("{FAE04EC0-301F-11D3-BF4B-00C04F79EFBC}") = "SharpPcap", "..\SharpPcap-2.1.1\SharpPcap\SharpPcap.csproj", "{24262E52-1304-4A25-8F73-A3B06E40592E}"
EndProject
Project("{FAE04EC0-301F-11D3-BF4B-00C04F79EFBC}") = "WC3Launcher", "..\..\..\Visual Studio 2005\Projects\WC3Launcher\WC3Launcher.csproj", "{F01904D8-1FE3-4824-9DA5-D6A9C2DF66F1}"
EndProject
Global
	GlobalSection(SubversionScc) = preSolution
		Svn-Managed = True
		Manager = AnkhSVN - Subversion Support for Visual Studio
	EndGlobalSection
	GlobalSection(SolutionConfigurationPlatforms) = preSolution
		Debug|Any CPU = Debug|Any CPU
		Debug|x86 = Debug|x86
		Release|Any CPU = Release|Any CPU
		Release|x86 = Release|x86
	EndGlobalSection
	GlobalSection(ProjectConfigurationPlatforms) = postSolution
		{82C90642-182F-4210-94FD-D2049D39BD51}.Debug|Any CPU.ActiveCfg = Debug|Any CPU
		{82C90642-182F-4210-94FD-D2049D39BD51}.Debug|x86.ActiveCfg = Debug|Any CPU
		{82C90642-182F-4210-94FD-D2049D39BD51}.Debug|x86.Build.0 = Debug|Any CPU
		{82C90642-182F-4210-94FD-D2049D39BD51}.Release|Any CPU.ActiveCfg = Release|Any CPU
		{82C90642-182F-4210-94FD-D2049D39BD51}.Release|x86.ActiveCfg = Release|Any CPU
		{24262E52-1304-4A25-8F73-A3B06E40592E}.Debug|Any CPU.ActiveCfg = Debug|Any CPU
		{24262E52-1304-4A25-8F73-A3B06E40592E}.Debug|x86.ActiveCfg = Debug|x86
		{24262E52-1304-4A25-8F73-A3B06E40592E}.Release|Any CPU.ActiveCfg = Release|Any CPU
		{24262E52-1304-4A25-8F73-A3B06E40592E}.Release|x86.ActiveCfg = Release|x86
		{F01904D8-1FE3-4824-9DA5-D6A9C2DF66F1}.Debug|Any CPU.ActiveCfg = Debug|Any CPU
		{F01904D8-1FE3-4824-9DA5-D6A9C2DF66F1}.Debug|Any CPU.Build.0 = Debug|Any CPU
		{F01904D8-1FE3-4824-9DA5-D6A9C2DF66F1}.Debug|x86.ActiveCfg = Debug|x86
		{F01904D8-1FE3-4824-9DA5-D6A9C2DF66F1}.Debug|x86.Build.0 = Debug|x86
		{F01904D8-1FE3-4824-9DA5-D6A9C2DF66F1}.Release|Any CPU.ActiveCfg = Release|Any CPU
		{F01904D8-1FE3-4824-9DA5-D6A9C2DF66F1}.Release|Any CPU.Build.0 = Release|Any CPU
		{F01904D8-1FE3-4824-9DA5-D6A9C2DF66F1}.Release|x86.ActiveCfg = Release|x86
		{F01904D8-1FE3-4824-9DA5-D6A9C2DF66F1}.Release|x86.Build.0 = Release|x86
	EndGlobalSection
	GlobalSection(SolutionProperties) = preSolution
		HideSolutionNode = FALSE
	EndGlobalSection
EndGlobal
